
Microsoft Visual Studio Solution File, Format Version 12.00
# Visual Studio Version 17
VisualStudioVersion = 17.3.32922.545
MinimumVisualStudioVersion = 10.0.40219.1
Project("{FAE04EC0-301F-11D3-BF4B-00C04F79EFBC}") = "4.27", "4.27\4.27.csproj", "{C7D3A181-B16D-4D42-93D8-6B81C3B5ACCA}"
EndProject
Global
	GlobalSection(SolutionConfigurationPlatforms) = preSolution
		Debug|Any CPU = Debug|Any CPU
		Release|Any CPU = Release|Any CPU
	EndGlobalSection
	GlobalSection(ProjectConfigurationPlatforms) = postSolution
		{C7D3A181-B16D-4D42-93D8-6B81C3B5ACCA}.Debug|Any CPU.ActiveCfg = Debug|Any CPU
		{C7D3A181-B16D-4D42-93D8-6B81C3B5ACCA}.Debug|Any CPU.Build.0 = Debug|Any CPU
		{C7D3A181-B16D-4D42-93D8-6B81C3B5ACCA}.Release|Any CPU.ActiveCfg = Release|Any CPU
		{C7D3A181-B16D-4D42-93D8-6B81C3B5ACCA}.Release|Any CPU.Build.0 = Release|Any CPU
	EndGlobalSection
	GlobalSection(SolutionProperties) = preSolution
		HideSolutionNode = FALSE
	EndGlobalSection
	GlobalSection(ExtensibilityGlobals) = postSolution
		SolutionGuid = {977D4F2D-68D6-42CE-A750-2958EBFD1F03}
	EndGlobalSection
EndGlobal
